
Microsoft Visual Studio Solution File, Format Version 12.00
# Visual Studio Version 16
VisualStudioVersion = 16.0.29403.142
MinimumVisualStudioVersion = 10.0.40219.1
Project("{FAE04EC0-301F-11D3-BF4B-00C04F79EFBC}") = "Kolatz", "Kolatz\Kolatz.csproj", "{AF187A41-99D3-412F-89BA-BF490EB94CCC}"
EndProject
Global
	GlobalSection(SolutionConfigurationPlatforms) = preSolution
		Debug|Any CPU = Debug|Any CPU
		Release|Any CPU = Release|Any CPU
	EndGlobalSection
	GlobalSection(ProjectConfigurationPlatforms) = postSolution
		{AF187A41-99D3-412F-89BA-BF490EB94CCC}.Debug|Any CPU.ActiveCfg = Debug|Any CPU
		{AF187A41-99D3-412F-89BA-BF490EB94CCC}.Debug|Any CPU.Build.0 = Debug|Any CPU
		{AF187A41-99D3-412F-89BA-BF490EB94CCC}.Release|Any CPU.ActiveCfg = Release|Any CPU
		{AF187A41-99D3-412F-89BA-BF490EB94CCC}.Release|Any CPU.Build.0 = Release|Any CPU
	EndGlobalSection
	GlobalSection(SolutionProperties) = preSolution
		HideSolutionNode = FALSE
	EndGlobalSection
	GlobalSection(ExtensibilityGlobals) = postSolution
		SolutionGuid = {F3A9B336-506C-419D-B30D-E785C05A9C39}
	EndGlobalSection
EndGlobal
